
Microsoft Visual Studio Solution File, Format Version 12.00
# Visual Studio Version 17
VisualStudioVersion = 17.3.32901.215
MinimumVisualStudioVersion = 10.0.40219.1
Project("{FAE04EC0-301F-11D3-BF4B-00C04F79EFBC}") = "mvcpr", "mvcpr\mvcpr.csproj", "{C39BE906-99AC-45A9-ADFA-C7EAA33D45EE}"
EndProject
Project("{FAE04EC0-301F-11D3-BF4B-00C04F79EFBC}") = "prjDataaccess", "prjDataaccess\prjDataaccess.csproj", "{0A87C9CE-3249-44BC-9418-32293A15FECF}"
EndProject
Project("{FAE04EC0-301F-11D3-BF4B-00C04F79EFBC}") = "prjModel", "prjModel\prjModel.csproj", "{EC7B32D0-934C-4A02-8F3E-12E051C526F3}"
EndProject
Global
	GlobalSection(SolutionConfigurationPlatforms) = preSolution
		Debug|Any CPU = Debug|Any CPU
		Release|Any CPU = Release|Any CPU
	EndGlobalSection
	GlobalSection(ProjectConfigurationPlatforms) = postSolution
		{C39BE906-99AC-45A9-ADFA-C7EAA33D45EE}.Debug|Any CPU.ActiveCfg = Debug|Any CPU
		{C39BE906-99AC-45A9-ADFA-C7EAA33D45EE}.Debug|Any CPU.Build.0 = Debug|Any CPU
		{C39BE906-99AC-45A9-ADFA-C7EAA33D45EE}.Release|Any CPU.ActiveCfg = Release|Any CPU
		{C39BE906-99AC-45A9-ADFA-C7EAA33D45EE}.Release|Any CPU.Build.0 = Release|Any CPU
		{0A87C9CE-3249-44BC-9418-32293A15FECF}.Debug|Any CPU.ActiveCfg = Debug|Any CPU
		{0A87C9CE-3249-44BC-9418-32293A15FECF}.Debug|Any CPU.Build.0 = Debug|Any CPU
		{0A87C9CE-3249-44BC-9418-32293A15FECF}.Release|Any CPU.ActiveCfg = Release|Any CPU
		{0A87C9CE-3249-44BC-9418-32293A15FECF}.Release|Any CPU.Build.0 = Release|Any CPU
		{EC7B32D0-934C-4A02-8F3E-12E051C526F3}.Debug|Any CPU.ActiveCfg = Debug|Any CPU
		{EC7B32D0-934C-4A02-8F3E-12E051C526F3}.Debug|Any CPU.Build.0 = Debug|Any CPU
		{EC7B32D0-934C-4A02-8F3E-12E051C526F3}.Release|Any CPU.ActiveCfg = Release|Any CPU
		{EC7B32D0-934C-4A02-8F3E-12E051C526F3}.Release|Any CPU.Build.0 = Release|Any CPU
	EndGlobalSection
	GlobalSection(SolutionProperties) = preSolution
		HideSolutionNode = FALSE
	EndGlobalSection
	GlobalSection(ExtensibilityGlobals) = postSolution
		SolutionGuid = {77D7ED9F-5487-48A6-B582-0214D63DBAE6}
	EndGlobalSection
EndGlobal
